
Microsoft Visual Studio Solution File, Format Version 12.00
# Visual Studio 2013
VisualStudioVersion = 12.0.21005.1
MinimumVisualStudioVersion = 10.0.40219.1
Project("{FAE04EC0-301F-11D3-BF4B-00C04F79EFBC}") = "Phoneword", "Phoneword\Phoneword\Phoneword.csproj", "{C05E84EE-FC1C-47E1-A557-65E4124DDDD6}"
EndProject
Project("{FAE04EC0-301F-11D3-BF4B-00C04F79EFBC}") = "Phoneword.iOS", "Phoneword\Phoneword.iOS\Phoneword.iOS.csproj", "{CC8F72DB-F190-4914-A912-E450F5F0FCC4}"
EndProject
Project("{FAE04EC0-301F-11D3-BF4B-00C04F79EFBC}") = "Phoneword.Droid", "Phoneword\Phoneword.Droid\Phoneword.Droid.csproj", "{C4AFECB4-78C5-4A42-9A96-7FD8335D39D6}"
EndProject
Project("{FAE04EC0-301F-11D3-BF4B-00C04F79EFBC}") = "Phoneword.WinPhone", "Phoneword\Phoneword.WinPhone\Phoneword.WinPhone.csproj", "{25C1923F-48F1-4D0A-8541-F3BBFA5CBE9D}"
EndProject
Global
	GlobalSection(SolutionConfigurationPlatforms) = preSolution
		Ad-Hoc|Any CPU = Ad-Hoc|Any CPU
		Ad-Hoc|ARM = Ad-Hoc|ARM
		Ad-Hoc|iPhone = Ad-Hoc|iPhone
		Ad-Hoc|iPhoneSimulator = Ad-Hoc|iPhoneSimulator
		Ad-Hoc|Mixed Platforms = Ad-Hoc|Mixed Platforms
		Ad-Hoc|x86 = Ad-Hoc|x86
		AppStore|Any CPU = AppStore|Any CPU
		AppStore|ARM = AppStore|ARM
		AppStore|iPhone = AppStore|iPhone
		AppStore|iPhoneSimulator = AppStore|iPhoneSimulator
		AppStore|Mixed Platforms = AppStore|Mixed Platforms
		AppStore|x86 = AppStore|x86
		Debug|Any CPU = Debug|Any CPU
		Debug|ARM = Debug|ARM
		Debug|iPhone = Debug|iPhone
		Debug|iPhoneSimulator = Debug|iPhoneSimulator
		Debug|Mixed Platforms = Debug|Mixed Platforms
		Debug|x86 = Debug|x86
		Release|Any CPU = Release|Any CPU
		Release|ARM = Release|ARM
		Release|iPhone = Release|iPhone
		Release|iPhoneSimulator = Release|iPhoneSimulator
		Release|Mixed Platforms = Release|Mixed Platforms
		Release|x86 = Release|x86
	EndGlobalSection
	GlobalSection(ProjectConfigurationPlatforms) = postSolution
		{C05E84EE-FC1C-47E1-A557-65E4124DDDD6}.Ad-Hoc|Any CPU.ActiveCfg = Release|Any CPU
		{C05E84EE-FC1C-47E1-A557-65E4124DDDD6}.Ad-Hoc|Any CPU.Build.0 = Release|Any CPU
		{C05E84EE-FC1C-47E1-A557-65E4124DDDD6}.Ad-Hoc|ARM.ActiveCfg = Release|Any CPU
		{C05E84EE-FC1C-47E1-A557-65E4124DDDD6}.Ad-Hoc|iPhone.ActiveCfg = Release|Any CPU
		{C05E84EE-FC1C-47E1-A557-65E4124DDDD6}.Ad-Hoc|iPhoneSimulator.ActiveCfg = Release|Any CPU
		{C05E84EE-FC1C-47E1-A557-65E4124DDDD6}.Ad-Hoc|Mixed Platforms.ActiveCfg = Release|Any CPU
		{C05E84EE-FC1C-47E1-A557-65E4124DDDD6}.Ad-Hoc|Mixed Platforms.Build.0 = Release|Any CPU
		{C05E84EE-FC1C-47E1-A557-65E4124DDDD6}.Ad-Hoc|x86.ActiveCfg = Release|Any CPU
		{C05E84EE-FC1C-47E1-A557-65E4124DDDD6}.AppStore|Any CPU.ActiveCfg = Release|Any CPU
		{C05E84EE-FC1C-47E1-A557-65E4124DDDD6}.AppStore|Any CPU.Build.0 = Release|Any CPU
		{C05E84EE-FC1C-47E1-A557-65E4124DDDD6}.AppStore|ARM.ActiveCfg = Release|Any CPU
		{C05E84EE-FC1C-47E1-A557-65E4124DDDD6}.AppStore|iPhone.ActiveCfg = Release|Any CPU
		{C05E84EE-FC1C-47E1-A557-65E4124DDDD6}.AppStore|iPhoneSimulator.ActiveCfg = Release|Any CPU
		{C05E84EE-FC1C-47E1-A557-65E4124DDDD6}.AppStore|Mixed Platforms.ActiveCfg = Release|Any CPU
		{C05E84EE-FC1C-47E1-A557-65E4124DDDD6}.AppStore|Mixed Platforms.Build.0 = Release|Any CPU
		{C05E84EE-FC1C-47E1-A557-65E4124DDDD6}.AppStore|x86.ActiveCfg = Release|Any CPU
		{C05E84EE-FC1C-47E1-A557-65E4124DDDD6}.Debug|Any CPU.ActiveCfg = Debug|Any CPU
		{C05E84EE-FC1C-47E1-A557-65E4124DDDD6}.Debug|Any CPU.Build.0 = Debug|Any CPU
		{C05E84EE-FC1C-47E1-A557-65E4124DDDD6}.Debug|ARM.ActiveCfg = Debug|Any CPU
		{C05E84EE-FC1C-47E1-A557-65E4124DDDD6}.Debug|iPhone.ActiveCfg = Debug|Any CPU
		{C05E84EE-FC1C-47E1-A557-65E4124DDDD6}.Debug|iPhoneSimulator.ActiveCfg = Debug|Any CPU
		{C05E84EE-FC1C-47E1-A557-65E4124DDDD6}.Debug|Mixed Platforms.ActiveCfg = Debug|Any CPU
		{C05E84EE-FC1C-47E1-A557-65E4124DDDD6}.Debug|Mixed Platforms.Build.0 = Debug|Any CPU
		{C05E84EE-FC1C-47E1-A557-65E4124DDDD6}.Debug|x86.ActiveCfg = Debug|Any CPU
		{C05E84EE-FC1C-47E1-A557-65E4124DDDD6}.Release|Any CPU.ActiveCfg = Release|Any CPU
		{C05E84EE-FC1C-47E1-A557-65E4124DDDD6}.Release|Any CPU.Build.0 = Release|Any CPU
		{C05E84EE-FC1C-47E1-A557-65E4124DDDD6}.Release|ARM.ActiveCfg = Release|Any CPU
		{C05E84EE-FC1C-47E1-A557-65E4124DDDD6}.Release|iPhone.ActiveCfg = Release|Any CPU
		{C05E84EE-FC1C-47E1-A557-65E4124DDDD6}.Release|iPhoneSimulator.ActiveCfg = Release|Any CPU
		{C05E84EE-FC1C-47E1-A557-65E4124DDDD6}.Release|Mixed Platforms.ActiveCfg = Release|Any CPU
		{C05E84EE-FC1C-47E1-A557-65E4124DDDD6}.Release|Mixed Platforms.Build.0 = Release|Any CPU
		{C05E84EE-FC1C-47E1-A557-65E4124DDDD6}.Release|x86.ActiveCfg = Release|Any CPU
		{CC8F72DB-F190-4914-A912-E450F5F0FCC4}.Ad-Hoc|Any CPU.ActiveCfg = Ad-Hoc|iPhone
		{CC8F72DB-F190-4914-A912-E450F5F0FCC4}.Ad-Hoc|ARM.ActiveCfg = Ad-Hoc|iPhone
		{CC8F72DB-F190-4914-A912-E450F5F0FCC4}.Ad-Hoc|iPhone.ActiveCfg = Ad-Hoc|iPhone
		{CC8F72DB-F190-4914-A912-E450F5F0FCC4}.Ad-Hoc|iPhone.Build.0 = Ad-Hoc|iPhone
		{CC8F72DB-F190-4914-A912-E450F5F0FCC4}.Ad-Hoc|iPhoneSimulator.ActiveCfg = Ad-Hoc|iPhoneSimulator
		{CC8F72DB-F190-4914-A912-E450F5F0FCC4}.Ad-Hoc|iPhoneSimulator.Build.0 = Ad-Hoc|iPhoneSimulator
		{CC8F72DB-F190-4914-A912-E450F5F0FCC4}.Ad-Hoc|Mixed Platforms.ActiveCfg = Ad-Hoc|iPhone
		{CC8F72DB-F190-4914-A912-E450F5F0FCC4}.Ad-Hoc|Mixed Platforms.Build.0 = Ad-Hoc|iPhone
		{CC8F72DB-F190-4914-A912-E450F5F0FCC4}.Ad-Hoc|x86.ActiveCfg = Ad-Hoc|iPhone
		{CC8F72DB-F190-4914-A912-E450F5F0FCC4}.AppStore|Any CPU.ActiveCfg = AppStore|iPhone
		{CC8F72DB-F190-4914-A912-E450F5F0FCC4}.AppStore|ARM.ActiveCfg = AppStore|iPhone
		{CC8F72DB-F190-4914-A912-E450F5F0FCC4}.AppStore|iPhone.ActiveCfg = AppStore|iPhone
		{CC8F72DB-F190-4914-A912-E450F5F0FCC4}.AppStore|iPhone.Build.0 = AppStore|iPhone
		{CC8F72DB-F190-4914-A912-E450F5F0FCC4}.AppStore|iPhoneSimulator.ActiveCfg = AppStore|iPhoneSimulator
		{CC8F72DB-F190-4914-A912-E450F5F0FCC4}.AppStore|iPhoneSimulator.Build.0 = AppStore|iPhoneSimulator
		{CC8F72DB-F190-4914-A912-E450F5F0FCC4}.AppStore|Mixed Platforms.ActiveCfg = AppStore|iPhone
		{CC8F72DB-F190-4914-A912-E450F5F0FCC4}.AppStore|Mixed Platforms.Build.0 = AppStore|iPhone
		{CC8F72DB-F190-4914-A912-E450F5F0FCC4}.AppStore|x86.ActiveCfg = AppStore|iPhone
		{CC8F72DB-F190-4914-A912-E450F5F0FCC4}.Debug|Any CPU.ActiveCfg = Debug|iPhone
		{CC8F72DB-F190-4914-A912-E450F5F0FCC4}.Debug|ARM.ActiveCfg = Debug|iPhone
		{CC8F72DB-F190-4914-A912-E450F5F0FCC4}.Debug|iPhone.ActiveCfg = Debug|iPhone
		{CC8F72DB-F190-4914-A912-E450F5F0FCC4}.Debug|iPhone.Build.0 = Debug|iPhone
		{CC8F72DB-F190-4914-A912-E450F5F0FCC4}.Debug|iPhoneSimulator.ActiveCfg = Debug|iPhoneSimulator
		{CC8F72DB-F190-4914-A912-E450F5F0FCC4}.Debug|iPhoneSimulator.Build.0 = Debug|iPhoneSimulator
		{CC8F72DB-F190-4914-A912-E450F5F0FCC4}.Debug|Mixed Platforms.ActiveCfg = Debug|iPhone
		{CC8F72DB-F190-4914-A912-E450F5F0FCC4}.Debug|Mixed Platforms.Build.0 = Debug|iPhone
		{CC8F72DB-F190-4914-A912-E450F5F0FCC4}.Debug|x86.ActiveCfg = Debug|iPhone
		{CC8F72DB-F190-4914-A912-E450F5F0FCC4}.Release|Any CPU.ActiveCfg = Release|iPhone
		{CC8F72DB-F190-4914-A912-E450F5F0FCC4}.Release|ARM.ActiveCfg = Release|iPhone
		{CC8F72DB-F190-4914-A912-E450F5F0FCC4}.Release|iPhone.ActiveCfg = Release|iPhone
		{CC8F72DB-F190-4914-A912-E450F5F0FCC4}.Release|iPhone.Build.0 = Release|iPhone
		{CC8F72DB-F190-4914-A912-E450F5F0FCC4}.Release|iPhoneSimulator.ActiveCfg = Release|iPhoneSimulator
		{CC8F72DB-F190-4914-A912-E450F5F0FCC4}.Release|iPhoneSimulator.Build.0 = Release|iPhoneSimulator
		{CC8F72DB-F190-4914-A912-E450F5F0FCC4}.Release|Mixed Platforms.ActiveCfg = Release|iPhone
		{CC8F72DB-F190-4914-A912-E450F5F0FCC4}.Release|Mixed Platforms.Build.0 = Release|iPhone
		{CC8F72DB-F190-4914-A912-E450F5F0FCC4}.Release|x86.ActiveCfg = Release|iPhone
		{C4AFECB4-78C5-4A42-9A96-7FD8335D39D6}.Ad-Hoc|Any CPU.ActiveCfg = Release|Any CPU
		{C4AFECB4-78C5-4A42-9A96-7FD8335D39D6}.Ad-Hoc|Any CPU.Build.0 = Release|Any CPU
		{C4AFECB4-78C5-4A42-9A96-7FD8335D39D6}.Ad-Hoc|Any CPU.Deploy.0 = Release|Any CPU
		{C4AFECB4-78C5-4A42-9A96-7FD8335D39D6}.Ad-Hoc|ARM.ActiveCfg = Release|Any CPU
		{C4AFECB4-78C5-4A42-9A96-7FD8335D39D6}.Ad-Hoc|iPhone.ActiveCfg = Release|Any CPU
		{C4AFECB4-78C5-4A42-9A96-7FD8335D39D6}.Ad-Hoc|iPhoneSimulator.ActiveCfg = Release|Any CPU
		{C4AFECB4-78C5-4A42-9A96-7FD8335D39D6}.Ad-Hoc|Mixed Platforms.ActiveCfg = Release|Any CPU
		{C4AFECB4-78C5-4A42-9A96-7FD8335D39D6}.Ad-Hoc|Mixed Platforms.Build.0 = Release|Any CPU
		{C4AFECB4-78C5-4A42-9A96-7FD8335D39D6}.Ad-Hoc|Mixed Platforms.Deploy.0 = Release|Any CPU
		{C4AFECB4-78C5-4A42-9A96-7FD8335D39D6}.Ad-Hoc|x86.ActiveCfg = Release|Any CPU
		{C4AFECB4-78C5-4A42-9A96-7FD8335D39D6}.AppStore|Any CPU.ActiveCfg = Release|Any CPU
		{C4AFECB4-78C5-4A42-9A96-7FD8335D39D6}.AppStore|Any CPU.Build.0 = Release|Any CPU
		{C4AFECB4-78C5-4A42-9A96-7FD8335D39D6}.AppStore|Any CPU.Deploy.0 = Release|Any CPU
		{C4AFECB4-78C5-4A42-9A96-7FD8335D39D6}.AppStore|ARM.ActiveCfg = Release|Any CPU
		{C4AFECB4-78C5-4A42-9A96-7FD8335D39D6}.AppStore|iPhone.ActiveCfg = Release|Any CPU
		{C4AFECB4-78C5-4A42-9A96-7FD8335D39D6}.AppStore|iPhoneSimulator.ActiveCfg = Release|Any CPU
		{C4AFECB4-78C5-4A42-9A96-7FD8335D39D6}.AppStore|Mixed Platforms.ActiveCfg = Release|Any CPU
		{C4AFECB4-78C5-4A42-9A96-7FD8335D39D6}.AppStore|Mixed Platforms.Build.0 = Release|Any CPU
		{C4AFECB4-78C5-4A42-9A96-7FD8335D39D6}.AppStore|Mixed Platforms.Deploy.0 = Release|Any CPU
		{C4AFECB4-78C5-4A42-9A96-7FD8335D39D6}.AppStore|x86.ActiveCfg = Release|Any CPU
		{C4AFECB4-78C5-4A42-9A96-7FD8335D39D6}.Debug|Any CPU.ActiveCfg = Debug|Any CPU
		{C4AFECB4-78C5-4A42-9A96-7FD8335D39D6}.Debug|Any CPU.Build.0 = Debug|Any CPU
		{C4AFECB4-78C5-4A42-9A96-7FD8335D39D6}.Debug|Any CPU.Deploy.0 = Debug|Any CPU
		{C4AFECB4-78C5-4A42-9A96-7FD8335D39D6}.Debug|ARM.ActiveCfg = Debug|Any CPU
		{C4AFECB4-78C5-4A42-9A96-7FD8335D39D6}.Debug|iPhone.ActiveCfg = Debug|Any CPU
		{C4AFECB4-78C5-4A42-9A96-7FD8335D39D6}.Debug|iPhoneSimulator.ActiveCfg = Debug|Any CPU
		{C4AFECB4-78C5-4A42-9A96-7FD8335D39D6}.Debug|Mixed Platforms.ActiveCfg = Debug|Any CPU
		{C4AFECB4-78C5-4A42-9A96-7FD8335D39D6}.Debug|Mixed Platforms.Build.0 = Debug|Any CPU
		{C4AFECB4-78C5-4A42-9A96-7FD8335D39D6}.Debug|Mixed Platforms.Deploy.0 = Debug|Any CPU
		{C4AFECB4-78C5-4A42-9A96-7FD8335D39D6}.Debug|x86.ActiveCfg = Debug|Any CPU
		{C4AFECB4-78C5-4A42-9A96-7FD8335D39D6}.Release|Any CPU.ActiveCfg = Release|Any CPU
		{C4AFECB4-78C5-4A42-9A96-7FD8335D39D6}.Release|Any CPU.Build.0 = Release|Any CPU
		{C4AFECB4-78C5-4A42-9A96-7FD8335D39D6}.Release|Any CPU.Deploy.0 = Release|Any CPU
		{C4AFECB4-78C5-4A42-9A96-7FD8335D39D6}.Release|ARM.ActiveCfg = Release|Any CPU
		{C4AFECB4-78C5-4A42-9A96-7FD8335D39D6}.Release|iPhone.ActiveCfg = Release|Any CPU
		{C4AFECB4-78C5-4A42-9A96-7FD8335D39D6}.Release|iPhoneSimulator.ActiveCfg = Release|Any CPU
		{C4AFECB4-78C5-4A42-9A96-7FD8335D39D6}.Release|Mixed Platforms.ActiveCfg = Release|Any CPU
		{C4AFECB4-78C5-4A42-9A96-7FD8335D39D6}.Release|Mixed Platforms.Build.0 = Release|Any CPU
		{C4AFECB4-78C5-4A42-9A96-7FD8335D39D6}.Release|Mixed Platforms.Deploy.0 = Release|Any CPU
		{C4AFECB4-78C5-4A42-9A96-7FD8335D39D6}.Release|x86.ActiveCfg = Release|Any CPU
		{25C1923F-48F1-4D0A-8541-F3BBFA5CBE9D}.Ad-Hoc|Any CPU.ActiveCfg = Release|Any CPU
		{25C1923F-48F1-4D0A-8541-F3BBFA5CBE9D}.Ad-Hoc|Any CPU.Build.0 = Release|Any CPU
		{25C1923F-48F1-4D0A-8541-F3BBFA5CBE9D}.Ad-Hoc|Any CPU.Deploy.0 = Release|Any CPU
		{25C1923F-48F1-4D0A-8541-F3BBFA5CBE9D}.Ad-Hoc|ARM.ActiveCfg = Release|ARM
		{25C1923F-48F1-4D0A-8541-F3BBFA5CBE9D}.Ad-Hoc|ARM.Build.0 = Release|ARM
		{25C1923F-48F1-4D0A-8541-F3BBFA5CBE9D}.Ad-Hoc|ARM.Deploy.0 = Release|ARM
		{25C1923F-48F1-4D0A-8541-F3BBFA5CBE9D}.Ad-Hoc|iPhone.ActiveCfg = Release|Any CPU
		{25C1923F-48F1-4D0A-8541-F3BBFA5CBE9D}.Ad-Hoc|iPhoneSimulator.ActiveCfg = Release|Any CPU
		{25C1923F-48F1-4D0A-8541-F3BBFA5CBE9D}.Ad-Hoc|Mixed Platforms.ActiveCfg = Release|x86
		{25C1923F-48F1-4D0A-8541-F3BBFA5CBE9D}.Ad-Hoc|Mixed Platforms.Build.0 = Release|x86
		{25C1923F-48F1-4D0A-8541-F3BBFA5CBE9D}.Ad-Hoc|Mixed Platforms.Deploy.0 = Release|x86
		{25C1923F-48F1-4D0A-8541-F3BBFA5CBE9D}.Ad-Hoc|x86.ActiveCfg = Release|x86
		{25C1923F-48F1-4D0A-8541-F3BBFA5CBE9D}.Ad-Hoc|x86.Build.0 = Release|x86
		{25C1923F-48F1-4D0A-8541-F3BBFA5CBE9D}.Ad-Hoc|x86.Deploy.0 = Release|x86
		{25C1923F-48F1-4D0A-8541-F3BBFA5CBE9D}.AppStore|Any CPU.ActiveCfg = Release|Any CPU
		{25C1923F-48F1-4D0A-8541-F3BBFA5CBE9D}.AppStore|Any CPU.Build.0 = Release|Any CPU
		{25C1923F-48F1-4D0A-8541-F3BBFA5CBE9D}.AppStore|Any CPU.Deploy.0 = Release|Any CPU
		{25C1923F-48F1-4D0A-8541-F3BBFA5CBE9D}.AppStore|ARM.ActiveCfg = Release|ARM
		{25C1923F-48F1-4D0A-8541-F3BBFA5CBE9D}.AppStore|ARM.Build.0 = Release|ARM
		{25C1923F-48F1-4D0A-8541-F3BBFA5CBE9D}.AppStore|ARM.Deploy.0 = Release|ARM
		{25C1923F-48F1-4D0A-8541-F3BBFA5CBE9D}.AppStore|iPhone.ActiveCfg = Release|Any CPU
		{25C1923F-48F1-4D0A-8541-F3BBFA5CBE9D}.AppStore|iPhoneSimulator.ActiveCfg = Release|Any CPU
		{25C1923F-48F1-4D0A-8541-F3BBFA5CBE9D}.AppStore|Mixed Platforms.ActiveCfg = Release|x86
		{25C1923F-48F1-4D0A-8541-F3BBFA5CBE9D}.AppStore|Mixed Platforms.Build.0 = Release|x86
		{25C1923F-48F1-4D0A-8541-F3BBFA5CBE9D}.AppStore|Mixed Platforms.Deploy.0 = Release|x86
		{25C1923F-48F1-4D0A-8541-F3BBFA5CBE9D}.AppStore|x86.ActiveCfg = Release|x86
		{25C1923F-48F1-4D0A-8541-F3BBFA5CBE9D}.AppStore|x86.Build.0 = Release|x86
		{25C1923F-48F1-4D0A-8541-F3BBFA5CBE9D}.AppStore|x86.Deploy.0 = Release|x86
		{25C1923F-48F1-4D0A-8541-F3BBFA5CBE9D}.Debug|Any CPU.ActiveCfg = Debug|Any CPU
		{25C1923F-48F1-4D0A-8541-F3BBFA5CBE9D}.Debug|Any CPU.Build.0 = Debug|Any CPU
		{25C1923F-48F1-4D0A-8541-F3BBFA5CBE9D}.Debug|Any CPU.Deploy.0 = Debug|Any CPU
		{25C1923F-48F1-4D0A-8541-F3BBFA5CBE9D}.Debug|ARM.ActiveCfg = Debug|ARM
		{25C1923F-48F1-4D0A-8541-F3BBFA5CBE9D}.Debug|ARM.Build.0 = Debug|ARM
		{25C1923F-48F1-4D0A-8541-F3BBFA5CBE9D}.Debug|ARM.Deploy.0 = Debug|ARM
		{25C1923F-48F1-4D0A-8541-F3BBFA5CBE9D}.Debug|iPhone.ActiveCfg = Debug|Any CPU
		{25C1923F-48F1-4D0A-8541-F3BBFA5CBE9D}.Debug|iPhoneSimulator.ActiveCfg = Debug|Any CPU
		{25C1923F-48F1-4D0A-8541-F3BBFA5CBE9D}.Debug|Mixed Platforms.ActiveCfg = Debug|x86
		{25C1923F-48F1-4D0A-8541-F3BBFA5CBE9D}.Debug|Mixed Platforms.Build.0 = Debug|x86
		{25C1923F-48F1-4D0A-8541-F3BBFA5CBE9D}.Debug|Mixed Platforms.Deploy.0 = Debug|x86
		{25C1923F-48F1-4D0A-8541-F3BBFA5CBE9D}.Debug|x86.ActiveCfg = Debug|x86
		{25C1923F-48F1-4D0A-8541-F3BBFA5CBE9D}.Debug|x86.Build.0 = Debug|x86
		{25C1923F-48F1-4D0A-8541-F3BBFA5CBE9D}.Debug|x86.Deploy.0 = Debug|x86
		{25C1923F-48F1-4D0A-8541-F3BBFA5CBE9D}.Release|Any CPU.ActiveCfg = Release|Any CPU
		{25C1923F-48F1-4D0A-8541-F3BBFA5CBE9D}.Release|Any CPU.Build.0 = Release|Any CPU
		{25C1923F-48F1-4D0A-8541-F3BBFA5CBE9D}.Release|Any CPU.Deploy.0 = Release|Any CPU
		{25C1923F-48F1-4D0A-8541-F3BBFA5CBE9D}.Release|ARM.ActiveCfg = Release|ARM
		{25C1923F-48F1-4D0A-8541-F3BBFA5CBE9D}.Release|ARM.Build.0 = Release|ARM
		{25C1923F-48F1-4D0A-8541-F3BBFA5CBE9D}.Release|ARM.Deploy.0 = Release|ARM
		{25C1923F-48F1-4D0A-8541-F3BBFA5CBE9D}.Release|iPhone.ActiveCfg = Release|Any CPU
		{25C1923F-48F1-4D0A-8541-F3BBFA5CBE9D}.Release|iPhoneSimulator.ActiveCfg = Release|Any CPU
		{25C1923F-48F1-4D0A-8541-F3BBFA5CBE9D}.Release|Mixed Platforms.ActiveCfg = Release|x86
		{25C1923F-48F1-4D0A-8541-F3BBFA5CBE9D}.Release|Mixed Platforms.Build.0 = Release|x86
		{25C1923F-48F1-4D0A-8541-F3BBFA5CBE9D}.Release|Mixed Platforms.Deploy.0 = Release|x86
		{25C1923F-48F1-4D0A-8541-F3BBFA5CBE9D}.Release|x86.ActiveCfg = Release|x86
		{25C1923F-48F1-4D0A-8541-F3BBFA5CBE9D}.Release|x86.Build.0 = Release|x86
		{25C1923F-48F1-4D0A-8541-F3BBFA5CBE9D}.Release|x86.Deploy.0 = Release|x86
	EndGlobalSection
	GlobalSection(SolutionProperties) = preSolution
		HideSolutionNode = FALSE
	EndGlobalSection
EndGlobal
